// !$*UTF8*$!
{
	archiveVersion = 1;
	classes = {
	};
	objectVersion = 46;
	objects = {

/* Begin PBXBuildFile section */
		3B174DA71C891B6D00973D19 /* AppDelegate.swift in Sources */ = {isa = PBXBuildFile; fileRef = 3B174DA61C891B6D00973D19 /* AppDelegate.swift */; };
		3B174DA91C891B6D00973D19 /* ViewController.swift in Sources */ = {isa = PBXBuildFile; fileRef = 3B174DA81C891B6D00973D19 /* ViewController.swift */; };
		3B174DAB1C891B6E00973D19 /* Assets.xcassets in Resources */ = {isa = PBXBuildFile; fileRef = 3B174DAA1C891B6E00973D19 /* Assets.xcassets */; };
		3B174DAE1C891B6E00973D19 /* Main.storyboard in Resources */ = {isa = PBXBuildFile; fileRef = 3B174DAC1C891B6E00973D19 /* Main.storyboard */; };
		3B174DB91C891B6E00973D19 /* BezierSampleTests.swift in Sources */ = {isa = PBXBuildFile; fileRef = 3B174DB81C891B6E00973D19 /* BezierSampleTests.swift */; };
		3B174DC41C891B6E00973D19 /* BezierSampleUITests.swift in Sources */ = {isa = PBXBuildFile; fileRef = 3B174DC31C891B6E00973D19 /* BezierSampleUITests.swift */; };
		3B174DD21C891E0200973D19 /* SomeView.swift in Sources */ = {isa = PBXBuildFile; fileRef = 3B174DD11C891E0200973D19 /* SomeView.swift */; };
/* End PBXBuildFile section */

/* Begin PBXContainerItemProxy section */
		3B174DB51C891B6E00973D19 /* PBXContainerItemProxy */ = {
			isa = PBXContainerItemProxy;
			containerPortal = 3B174D9B1C891B6D00973D19 /* Project object */;
			proxyType = 1;
			remoteGlobalIDString = 3B174DA21C891B6D00973D19;
			remoteInfo = BezierSample;
		};
		3B174DC01C891B6E00973D19 /* PBXContainerItemProxy */ = {
			isa = PBXContainerItemProxy;
			containerPortal = 3B174D9B1C891B6D00973D19 /* Project object */;
			proxyType = 1;
			remoteGlobalIDString = 3B174DA21C891B6D00973D19;
			remoteInfo = BezierSample;
		};
/* End PBXContainerItemProxy section */

/* Begin PBXFileReference section */
		3B174DA31C891B6D00973D19 /* BezierSample.app */ = {isa = PBXFileReference; explicitFileType = wrapper.application; includeInIndex = 0; path = BezierSample.app; sourceTree = BUILT_PRODUCTS_DIR; };
		3B174DA61C891B6D00973D19 /* AppDelegate.swift */ = {isa = PBXFileReference; lastKnownFileType = sourcecode.swift; path = AppDelegate.swift; sourceTree = "<group>"; };
		3B174DA81C891B6D00973D19 /* ViewController.swift */ = {isa = PBXFileReference; lastKnownFileType = sourcecode.swift; path = ViewController.swift; sourceTree = "<group>"; };
		3B174DAA1C891B6E00973D19 /* Assets.xcassets */ = {isa = PBXFileReference; lastKnownFileType = folder.assetcatalog; path = Assets.xcassets; sourceTree = "<group>"; };
		3B174DAD1C891B6E00973D19 /* Base */ = {isa = PBXFileReference; lastKnownFileType = file.storyboard; name = Base; path = Base.lproj/Main.storyboard; sourceTree = "<group>"; };
		3B174DAF1C891B6E00973D19 /* Info.plist */ = {isa = PBXFileReference; lastKnownFileType = text.plist.xml; path = Info.plist; sourceTree = "<group>"; };
		3B174DB41C891B6E00973D19 /* BezierSampleTests.xctest */ = {isa = PBXFileReference; explicitFileType = wrapper.cfbundle; includeInIndex = 0; path = BezierSampleTests.xctest; sourceTree = BUILT_PRODUCTS_DIR; };
		3B174DB81C891B6E00973D19 /* BezierSampleTests.swift */ = {isa = PBXFileReference; lastKnownFileType = sourcecode.swift; path = BezierSampleTests.swift; sourceTree = "<group>"; };
		3B174DBA1C891B6E00973D19 /* Info.plist */ = {isa = PBXFileReference; lastKnownFileType = text.plist.xml; path = Info.plist; sourceTree = "<group>"; };
		3B174DBF1C891B6E00973D19 /* BezierSampleUITests.xctest */ = {isa = PBXFileReference; explicitFileType = wrapper.cfbundle; includeInIndex = 0; path = BezierSampleUITests.xctest; sourceTree = BUILT_PRODUCTS_DIR; };
		3B174DC31C891B6E00973D19 /* BezierSampleUITests.swift */ = {isa = PBXFileReference; lastKnownFileType = sourcecode.swift; path = BezierSampleUITests.swift; sourceTree = "<group>"; };
		3B174DC51C891B6E00973D19 /* Info.plist */ = {isa = PBXFileReference; lastKnownFileType = text.plist.xml; path = Info.plist; sourceTree = "<group>"; };
		3B174DD11C891E0200973D19 /* SomeView.swift */ = {isa = PBXFileReference; fileEncoding = 4; lastKnownFileType = sourcecode.swift; path = SomeView.swift; sourceTree = "<group>"; };
/* End PBXFileReference section */

/* Begin PBXFrameworksBuildPhase section */
		3B174DA01C891B6D00973D19 /* Frameworks */ = {
			isa = PBXFrameworksBuildPhase;
			buildActionMask = 2147483647;
			files = (
			);
			runOnlyForDeploymentPostprocessing = 0;
		};
		3B174DB11C891B6E00973D19 /* Frameworks */ = {
			isa = PBXFrameworksBuildPhase;
			buildActionMask = 2147483647;
			files = (
			);
			runOnlyForDeploymentPostprocessing = 0;
		};
		3B174DBC1C891B6E00973D19 /* Frameworks */ = {
			isa = PBXFrameworksBuildPhase;
			buildActionMask = 2147483647;
			files = (
			);
			runOnlyForDeploymentPostprocessing = 0;
		};
/* End PBXFrameworksBuildPhase section */

/* Begin PBXGroup section */
		3B174D9A1C891B6D00973D19 = {
			isa = PBXGroup;
			children = (
				3B174DA51C891B6D00973D19 /* BezierSample */,
				3B174DB71C891B6E00973D19 /* BezierSampleTests */,
				3B174DC21C891B6E00973D19 /* BezierSampleUITests */,
				3B174DA41C891B6D00973D19 /* Products */,
			);
			sourceTree = "<group>";
		};
		3B174DA41C891B6D00973D19 /* Products */ = {
			isa = PBXGroup;
			children = (
				3B174DA31C891B6D00973D19 /* BezierSample.app */,
				3B174DB41C891B6E00973D19 /* BezierSampleTests.xctest */,
				3B174DBF1C891B6E00973D19 /* BezierSampleUITests.xctest */,
			);
			name = Products;
			sourceTree = "<group>";
		};
		3B174DA51C891B6D00973D19 /* BezierSample */ = {
			isa = PBXGroup;
			children = (
				3B174DA61C891B6D00973D19 /* AppDelegate.swift */,
				3B174DA81C891B6D00973D19 /* ViewController.swift */,
				3B174DD11C891E0200973D19 /* SomeView.swift */,
				3B174DAA1C891B6E00973D19 /* Assets.xcassets */,
				3B174DAC1C891B6E00973D19 /* Main.storyboard */,
				3B174DAF1C891B6E00973D19 /* Info.plist */,
			);
			path = BezierSample;
			sourceTree = "<group>";
		};
		3B174DB71C891B6E00973D19 /* BezierSampleTests */ = {
			isa = PBXGroup;
			children = (
				3B174DB81C891B6E00973D19 /* BezierSampleTests.swift */,
				3B174DBA1C891B6E00973D19 /* Info.plist */,
			);
			path = BezierSampleTests;
			sourceTree = "<group>";
		};
		3B174DC21C891B6E00973D19 /* BezierSampleUITests */ = {
			isa = PBXGroup;
			children = (
				3B174DC31C891B6E00973D19 /* BezierSampleUITests.swift */,
				3B174DC51C891B6E00973D19 /* Info.plist */,
			);
			path = BezierSampleUITests;
			sourceTree = "<group>";
		};
/* End PBXGroup section */

/* Begin PBXNativeTarget section */
		3B174DA21C891B6D00973D19 /* BezierSample */ = {
			isa = PBXNativeTarget;
			buildConfigurationList = 3B174DC81C891B6E00973D19 /* Build configuration list for PBXNativeTarget "BezierSample" */;
			buildPhases = (
				3B174D9F1C891B6D00973D19 /* Sources */,
				3B174DA01C891B6D00973D19 /* Frameworks */,
				3B174DA11C891B6D00973D19 /* Resources */,
			);
			buildRules = (
			);
			dependencies = (
			);
			name = BezierSample;
			productName = BezierSample;
			productReference = 3B174DA31C891B6D00973D19 /* BezierSample.app */;
			productType = "com.apple.product-type.application";
		};
		3B174DB31C891B6E00973D19 /* BezierSampleTests */ = {
			isa = PBXNativeTarget;
			buildConfigurationList = 3B174DCB1C891B6E00973D19 /* Build configuration list for PBXNativeTarget "BezierSampleTests" */;
			buildPhases = (
				3B174DB01C891B6E00973D19 /* Sources */,
				3B174DB11C891B6E00973D19 /* Frameworks */,
				3B174DB21C891B6E00973D19 /* Resources */,
			);
			buildRules = (
			);
			dependencies = (
				3B174DB61C891B6E00973D19 /* PBXTargetDependency */,
			);
			name = BezierSampleTests;
			productName = BezierSampleTests;
			productReference = 3B174DB41C891B6E00973D19 /* BezierSampleTests.xctest */;
			productType = "com.apple.product-type.bundle.unit-test";
		};
		3B174DBE1C891B6E00973D19 /* BezierSampleUITests */ = {
			isa = PBXNativeTarget;
			buildConfigurationList = 3B174DCE1C891B6E00973D19 /* Build configuration list for PBXNativeTarget "BezierSampleUITests" */;
			buildPhases = (
				3B174DBB1C891B6E00973D19 /* Sources */,
				3B174DBC1C891B6E00973D19 /* Frameworks */,
				3B174DBD1C891B6E00973D19 /* Resources */,
			);
			buildRules = (
			);
			dependencies = (
				3B174DC11C891B6E00973D19 /* PBXTargetDependency */,
			);
			name = BezierSampleUITests;
			productName = BezierSampleUITests;
			productReference = 3B174DBF1C891B6E00973D19 /* BezierSampleUITests.xctest */;
			productType = "com.apple.product-type.bundle.ui-testing";
		};
/* End PBXNativeTarget section */

/* Begin PBXProject section */
		3B174D9B1C891B6D00973D19 /* Project object */ = {
			isa = PBXProject;
			attributes = {
				LastSwiftUpdateCheck = 0710;
				LastUpgradeCheck = 0710;
				ORGANIZATIONNAME = "shirakawa hiroyuki";
				TargetAttributes = {
					3B174DA21C891B6D00973D19 = {
						CreatedOnToolsVersion = 7.1;
					};
					3B174DB31C891B6E00973D19 = {
						CreatedOnToolsVersion = 7.1;
						TestTargetID = 3B174DA21C891B6D00973D19;
					};
					3B174DBE1C891B6E00973D19 = {
						CreatedOnToolsVersion = 7.1;
						TestTargetID = 3B174DA21C891B6D00973D19;
					};
				};
			};
			buildConfigurationList = 3B174D9E1C891B6D00973D19 /* Build configuration list for PBXProject "BezierSample" */;
			compatibilityVersion = "Xcode 3.2";
			developmentRegion = English;
			hasScannedForEncodings = 0;
			knownRegions = (
				en,
				Base,
			);
			mainGroup = 3B174D9A1C891B6D00973D19;
			productRefGroup = 3B174DA41C891B6D00973D19 /* Products */;
			projectDirPath = "";
			projectRoot = "";
			targets = (
				3B174DA21C891B6D00973D19 /* BezierSample */,
				3B174DB31C891B6E00973D19 /* BezierSampleTests */,
				3B174DBE1C891B6E00973D19 /* BezierSampleUITests */,
			);
		};
/* End PBXProject section */

/* Begin PBXResourcesBuildPhase section */
		3B174DA11C891B6D00973D19 /* Resources */ = {
			isa = PBXResourcesBuildPhase;
			buildActionMask = 2147483647;
			files = (
				3B174DAB1C891B6E00973D19 /* Assets.xcassets in Resources */,
				3B174DAE1C891B6E00973D19 /* Main.storyboard in Resources */,
			);
			runOnlyForDeploymentPostprocessing = 0;
		};
		3B174DB21C891B6E00973D19 /* Resources */ = {
			isa = PBXResourcesBuildPhase;
			buildActionMask = 2147483647;
			files = (
			);
			runOnlyForDeploymentPostprocessing = 0;
		};
		3B174DBD1C891B6E00973D19 /* Resources */ = {
			isa = PBXResourcesBuildPhase;
			buildActionMask = 2147483647;
			files = (
			);
			runOnlyForDeploymentPostprocessing = 0;
		};
/* End PBXResourcesBuildPhase section */

/* Begin PBXSourcesBuildPhase section */
		3B174D9F1C891B6D00973D19 /* Sources */ = {
			isa = PBXSourcesBuildPhase;
			buildActionMask = 2147483647;
			files = (
				3B174DA91C891B6D00973D19 /* ViewController.swift in Sources */,
				3B174DA71C891B6D00973D19 /* AppDelegate.swift in Sources */,
				3B174DD21C891E0200973D19 /* SomeView.swift in Sources */,
			);
			runOnlyForDeploymentPostprocessing = 0;
		};
		3B174DB01C891B6E00973D19 /* Sources */ = {
			isa = PBXSourcesBuildPhase;
			buildActionMask = 2147483647;
			files = (
				3B174DB91C891B6E00973D19 /* BezierSampleTests.swift in Sources */,
			);
			runOnlyForDeploymentPostprocessing = 0;
		};
		3B174DBB1C891B6E00973D19 /* Sources */ = {
			isa = PBXSourcesBuildPhase;
			buildActionMask = 2147483647;
			files = (
				3B174DC41C891B6E00973D19 /* BezierSampleUITests.swift in Sources */,
			);
			runOnlyForDeploymentPostprocessing = 0;
		};
/* End PBXSourcesBuildPhase section */

/* Begin PBXTargetDependency section */
		3B174DB61C891B6E00973D19 /* PBXTargetDependency */ = {
			isa = PBXTargetDependency;
			target = 3B174DA21C891B6D00973D19 /* BezierSample */;
			targetProxy = 3B174DB51C891B6E00973D19 /* PBXContainerItemProxy */;
		};
		3B174DC11C891B6E00973D19 /* PBXTargetDependency */ = {
			isa = PBXTargetDependency;
			target = 3B174DA21C891B6D00973D19 /* BezierSample */;
			targetProxy = 3B174DC01C891B6E00973D19 /* PBXContainerItemProxy */;
		};
/* End PBXTargetDependency section */

/* Begin PBXVariantGroup section */
		3B174DAC1C891B6E00973D19 /* Main.storyboard */ = {
			isa = PBXVariantGroup;
			children = (
				3B174DAD1C891B6E00973D19 /* Base */,
			);
			name = Main.storyboard;
			sourceTree = "<group>";
		};
/* End PBXVariantGroup section */

/* Begin XCBuildConfiguration section */
		3B174DC61C891B6E00973D19 /* Debug */ = {
			isa = XCBuildConfiguration;
			buildSettings = {
				ALWAYS_SEARCH_USER_PATHS = NO;
				CLANG_CXX_LANGUAGE_STANDARD = "gnu++0x";
				CLANG_CXX_LIBRARY = "libc++";
				CLANG_ENABLE_MODULES = YES;
				CLANG_ENABLE_OBJC_ARC = YES;
				CLANG_WARN_BOOL_CONVERSION = YES;
				CLANG_WARN_CONSTANT_CONVERSION = YES;
				CLANG_WARN_DIRECT_OBJC_ISA_USAGE = YES_ERROR;
				CLANG_WARN_EMPTY_BODY = YES;
				CLANG_WARN_ENUM_CONVERSION = YES;
				CLANG_WARN_INT_CONVERSION = YES;
				CLANG_WARN_OBJC_ROOT_CLASS = YES_ERROR;
				CLANG_WARN_UNREACHABLE_CODE = YES;
				CLANG_WARN__DUPLICATE_METHOD_MATCH = YES;
				CODE_SIGN_IDENTITY = "-";
				COPY_PHASE_STRIP = NO;
				DEBUG_INFORMATION_FORMAT = dwarf;
				ENABLE_STRICT_OBJC_MSGSEND = YES;
				ENABLE_TESTABILITY = YES;
				GCC_C_LANGUAGE_STANDARD = gnu99;
				GCC_DYNAMIC_NO_PIC = NO;
				GCC_NO_COMMON_BLOCKS = YES;
				GCC_OPTIMIZATION_LEVEL = 0;
				GCC_PREPROCESSOR_DEFINITIONS = (
					"DEBUG=1",
					"$(inherited)",
				);
				GCC_WARN_64_TO_32_BIT_CONVERSION = YES;
				GCC_WARN_ABOUT_RETURN_TYPE = YES_ERROR;
				GCC_WARN_UNDECLARED_SELECTOR = YES;
				GCC_WARN_UNINITIALIZED_AUTOS = YES_AGGRESSIVE;
				GCC_WARN_UNUSED_FUNCTION = YES;
				GCC_WARN_UNUSED_VARIABLE = YES;
				MACOSX_DEPLOYMENT_TARGET = 10.11;
				MTL_ENABLE_DEBUG_INFO = YES;
				ONLY_ACTIVE_ARCH = YES;
				SDKROOT = macosx;
				SWIFT_OPTIMIZATION_LEVEL = "-Onone";
			};
			name = Debug;
		};
		3B174DC71C891B6E00973D19 /* Release */ = {
			isa = XCBuildConfiguration;
			buildSettings = {
				ALWAYS_SEARCH_USER_PATHS = NO;
				CLANG_CXX_LANGUAGE_STANDARD = "gnu++0x";
				CLANG_CXX_LIBRARY = "libc++";
				CLANG_ENABLE_MODULES = YES;
				CLANG_ENABLE_OBJC_ARC = YES;
				CLANG_WARN_BOOL_CONVERSION = YES;
				CLANG_WARN_CONSTANT_CONVERSION = YES;
				CLANG_WARN_DIRECT_OBJC_ISA_USAGE = YES_ERROR;
				CLANG_WARN_EMPTY_BODY = YES;
				CLANG_WARN_ENUM_CONVERSION = YES;
				CLANG_WARN_INT_CONVERSION = YES;
				CLANG_WARN_OBJC_ROOT_CLASS = YES_ERROR;
				CLANG_WARN_UNREACHABLE_CODE = YES;
				CLANG_WARN__DUPLICATE_METHOD_MATCH = YES;
				CODE_SIGN_IDENTITY = "-";
				COPY_PHASE_STRIP = NO;
				DEBUG_INFORMATION_FORMAT = "dwarf-with-dsym";
				ENABLE_NS_ASSERTIONS = NO;
				ENABLE_STRICT_OBJC_MSGSEND = YES;
				GCC_C_LANGUAGE_STANDARD = gnu99;
				GCC_NO_COMMON_BLOCKS = YES;
				GCC_WARN_64_TO_32_BIT_CONVERSION = YES;
				GCC_WARN_ABOUT_RETURN_TYPE = YES_ERROR;
				GCC_WARN_UNDECLARED_SELECTOR = YES;
				GCC_WARN_UNINITIALIZED_AUTOS = YES_AGGRESSIVE;
				GCC_WARN_UNUSED_FUNCTION = YES;
				GCC_WARN_UNUSED_VARIABLE = YES;
				MACOSX_DEPLOYMENT_TARGET = 10.11;
				MTL_ENABLE_DEBUG_INFO = NO;
				SDKROOT = macosx;
			};
			name = Release;
		};
		3B174DC91C891B6E00973D19 /* Debug */ = {
			isa = XCBuildConfiguration;
			buildSettings = {
				ASSETCATALOG_COMPILER_APPICON_NAME = AppIcon;
				COMBINE_HIDPI_IMAGES = YES;
				INFOPLIST_FILE = BezierSample/Info.plist;
				LD_RUNPATH_SEARCH_PATHS = "$(inherited) @executable_path/../Frameworks";
				PRODUCT_BUNDLE_IDENTIFIER = net.shrkw.BezierSample;
				PRODUCT_NAME = "$(TARGET_NAME)";
			};
			name = Debug;
		};
		3B174DCA1C891B6E00973D19 /* Release */ = {
			isa = XCBuildConfiguration;
			buildSettings = {
				ASSETCATALOG_COMPILER_APPICON_NAME = AppIcon;
				COMBINE_HIDPI_IMAGES = YES;
				INFOPLIST_FILE = BezierSample/Info.plist;
				LD_RUNPATH_SEARCH_PATHS = "$(inherited) @executable_path/../Frameworks";
				PRODUCT_BUNDLE_IDENTIFIER = net.shrkw.BezierSample;
				PRODUCT_NAME = "$(TARGET_NAME)";
			};
			name = Release;
		};
		3B174DCC1C891B6E00973D19 /* Debug */ = {
			isa = XCBuildConfiguration;
			buildSettings = {
				BUNDLE_LOADER = "$(TEST_HOST)";
				COMBINE_HIDPI_IMAGES = YES;
				INFOPLIST_FILE = BezierSampleTests/Info.plist;
				LD_RUNPATH_SEARCH_PATHS = "$(inherited) @executable_path/../Frameworks @loader_path/../Frameworks";
				PRODUCT_BUNDLE_IDENTIFIER = net.shrkw.BezierSampleTests;
				PRODUCT_NAME = "$(TARGET_NAME)";
				TEST_HOST = "$(BUILT_PRODUCTS_DIR)/BezierSample.app/Contents/MacOS/BezierSample";
			};
			name = Debug;
		};
		3B174DCD1C891B6E00973D19 /* Release */ = {
			isa = XCBuildConfiguration;
			buildSettings = {
				BUNDLE_LOADER = "$(TEST_HOST)";
				COMBINE_HIDPI_IMAGES = YES;
				INFOPLIST_FILE = BezierSampleTests/Info.plist;
				LD_RUNPATH_SEARCH_PATHS = "$(inherited) @executable_path/../Frameworks @loader_path/../Frameworks";
				PRODUCT_BUNDLE_IDENTIFIER = net.shrkw.BezierSampleTests;
				PRODUCT_NAME = "$(TARGET_NAME)";
				TEST_HOST = "$(BUILT_PRODUCTS_DIR)/BezierSample.app/Contents/MacOS/BezierSample";
			};
			name = Release;
		};
		3B174DCF1C891B6E00973D19 /* Debug */ = {
			isa = XCBuildConfiguration;
			buildSettings = {
				COMBINE_HIDPI_IMAGES = YES;
				INFOPLIST_FILE = BezierSampleUITests/Info.plist;
				LD_RUNPATH_SEARCH_PATHS = "$(inherited) @executable_path/../Frameworks @loader_path/../Frameworks";
				PRODUCT_BUNDLE_IDENTIFIER = net.shrkw.BezierSampleUITests;
				PRODUCT_NAME = "$(TARGET_NAME)";
				TEST_TARGET_NAME = BezierSample;
				USES_XCTRUNNER = YES;
			};
			name = Debug;
		};
		3B174DD01C891B6E00973D19 /* Release */ = {
			isa = XCBuildConfiguration;
			buildSettings = {
				COMBINE_HIDPI_IMAGES = YES;
				INFOPLIST_FILE = BezierSampleUITests/Info.plist;
				LD_RUNPATH_SEARCH_PATHS = "$(inherited) @executable_path/../Frameworks @loader_path/../Frameworks";
				PRODUCT_BUNDLE_IDENTIFIER = net.shrkw.BezierSampleUITests;
				PRODUCT_NAME = "$(TARGET_NAME)";
				TEST_TARGET_NAME = BezierSample;
				USES_XCTRUNNER = YES;
			};
			name = Release;
		};
/* End XCBuildConfiguration section */

/* Begin XCConfigurationList section */
		3B174D9E1C891B6D00973D19 /* Build configuration list for PBXProject "BezierSample" */ = {
			isa = XCConfigurationList;
			buildConfigurations = (
				3B174DC61C891B6E00973D19 /* Debug */,
				3B174DC71C891B6E00973D19 /* Release */,
			);
			defaultConfigurationIsVisible = 0;
			defaultConfigurationName = Release;
		};
		3B174DC81C891B6E00973D19 /* Build configuration list for PBXNativeTarget "BezierSample" */ = {
			isa = XCConfigurationList;
			buildConfigurations = (
				3B174DC91C891B6E00973D19 /* Debug */,
				3B174DCA1C891B6E00973D19 /* Release */,
			);
			defaultConfigurationIsVisible = 0;
		};
		3B174DCB1C891B6E00973D19 /* Build configuration list for PBXNativeTarget "BezierSampleTests" */ = {
			isa = XCConfigurationList;
			buildConfigurations = (
				3B174DCC1C891B6E00973D19 /* Debug */,
				3B174DCD1C891B6E00973D19 /* Release */,
			);
			defaultConfigurationIsVisible = 0;
		};
		3B174DCE1C891B6E00973D19 /* Build configuration list for PBXNativeTarget "BezierSampleUITests" */ = {
			isa = XCConfigurationList;
			buildConfigurations = (
				3B174DCF1C891B6E00973D19 /* Debug */,
				3B174DD01C891B6E00973D19 /* Release */,
			);
			defaultConfigurationIsVisible = 0;
		};
/* End XCConfigurationList section */
	};
	rootObject = 3B174D9B1C891B6D00973D19 /* Project object */;
}
